// !$*UTF8*$!
{
	archiveVersion = 1;
	classes = {
	};
	objectVersion = 50;
	objects = {

/* Begin PBXBuildFile section */
		824F8B44252798D4005934CE /* SettingsView.swift in Sources */ = {isa = PBXBuildFile; fileRef = 824F8B3A252798D4005934CE /* SettingsView.swift */; };
		824F8B45252798D4005934CE /* ProgressBarView.swift in Sources */ = {isa = PBXBuildFile; fileRef = 824F8B3B252798D4005934CE /* ProgressBarView.swift */; };
		824F8B46252798D4005934CE /* AccessoryRowView.swift in Sources */ = {isa = PBXBuildFile; fileRef = 824F8B3C252798D4005934CE /* AccessoryRowView.swift */; };
		824F8B47252798D4005934CE /* TabBarItemView.swift in Sources */ = {isa = PBXBuildFile; fileRef = 824F8B3D252798D4005934CE /* TabBarItemView.swift */; };
		824F8B48252798D4005934CE /* AutomationView.swift in Sources */ = {isa = PBXBuildFile; fileRef = 824F8B3E252798D4005934CE /* AutomationView.swift */; };
		824F8B49252798D4005934CE /* LairView.swift in Sources */ = {isa = PBXBuildFile; fileRef = 824F8B3F252798D4005934CE /* LairView.swift */; };
		824F8B4A252798D4005934CE /* TabBarView.swift in Sources */ = {isa = PBXBuildFile; fileRef = 824F8B40252798D4005934CE /* TabBarView.swift */; };
		824F8B4B252798D4005934CE /* CameraView.swift in Sources */ = {isa = PBXBuildFile; fileRef = 824F8B41252798D4005934CE /* CameraView.swift */; };
		824F8B4C252798D4005934CE /* AccessoryView.swift in Sources */ = {isa = PBXBuildFile; fileRef = 824F8B42252798D4005934CE /* AccessoryView.swift */; };
		824F8B4F25279B22005934CE /* CustomDesignsView.swift in Sources */ = {isa = PBXBuildFile; fileRef = 824F8B4E25279B22005934CE /* CustomDesignsView.swift */; };
		824F8B532527A676005934CE /* ColorExtension.swift in Sources */ = {isa = PBXBuildFile; fileRef = 824F8B502527A676005934CE /* ColorExtension.swift */; };
		824F8B542527A676005934CE /* LinearGradientExtension.swift in Sources */ = {isa = PBXBuildFile; fileRef = 824F8B512527A676005934CE /* LinearGradientExtension.swift */; };
		824F8B552527A676005934CE /* UIColorExtension.swift in Sources */ = {isa = PBXBuildFile; fileRef = 824F8B522527A676005934CE /* UIColorExtension.swift */; };
		824F8B572527AB59005934CE /* ViewExtension.swift in Sources */ = {isa = PBXBuildFile; fileRef = 824F8B562527AB59005934CE /* ViewExtension.swift */; };
		824F8BA52527B380005934CE /* PlanetModel.swift in Sources */ = {isa = PBXBuildFile; fileRef = 824F8B9E2527B380005934CE /* PlanetModel.swift */; };
		824F8BA62527B380005934CE /* AnimationsView.swift in Sources */ = {isa = PBXBuildFile; fileRef = 824F8B9F2527B380005934CE /* AnimationsView.swift */; };
		824F8BA72527B380005934CE /* MoonList.swift in Sources */ = {isa = PBXBuildFile; fileRef = 824F8BA02527B380005934CE /* MoonList.swift */; };
		824F8BA82527B380005934CE /* MoonView.swift in Sources */ = {isa = PBXBuildFile; fileRef = 824F8BA12527B380005934CE /* MoonView.swift */; };
		824F8BA92527B380005934CE /* MoonFlow.swift in Sources */ = {isa = PBXBuildFile; fileRef = 824F8BA22527B380005934CE /* MoonFlow.swift */; };
		824F8BAA2527B380005934CE /* PlanetInfo.swift in Sources */ = {isa = PBXBuildFile; fileRef = 824F8BA32527B380005934CE /* PlanetInfo.swift */; };
		824F8BAB2527B380005934CE /* SolarSystem.swift in Sources */ = {isa = PBXBuildFile; fileRef = 824F8BA42527B380005934CE /* SolarSystem.swift */; };
		824F8BB92528E2ED005934CE /* Animations.xcassets in Resources */ = {isa = PBXBuildFile; fileRef = 824F8BB82528E2EC005934CE /* Animations.xcassets */; };
		824F8BBD2528F153005934CE /* DoubleExtension.swift in Sources */ = {isa = PBXBuildFile; fileRef = 824F8BBC2528F153005934CE /* DoubleExtension.swift */; };
		824F8BC42528F1DE005934CE /* StationHeader.swift in Sources */ = {isa = PBXBuildFile; fileRef = 824F8BC02528F1DE005934CE /* StationHeader.swift */; };
		824F8BC52528F1DE005934CE /* ChartsView.swift in Sources */ = {isa = PBXBuildFile; fileRef = 824F8BC12528F1DE005934CE /* ChartsView.swift */; };
		824F8BC62528F1DE005934CE /* StationInfo.swift in Sources */ = {isa = PBXBuildFile; fileRef = 824F8BC22528F1DE005934CE /* StationInfo.swift */; };
		824F8BCB2528F1E6005934CE /* PrecipitationTab.swift in Sources */ = {isa = PBXBuildFile; fileRef = 824F8BC82528F1E6005934CE /* PrecipitationTab.swift */; };
		824F8BCC2528F1E6005934CE /* SnowfallTab.swift in Sources */ = {isa = PBXBuildFile; fileRef = 824F8BC92528F1E6005934CE /* SnowfallTab.swift */; };
		824F8BCD2528F1E6005934CE /* TemperatureTab.swift in Sources */ = {isa = PBXBuildFile; fileRef = 824F8BCA2528F1E6005934CE /* TemperatureTab.swift */; };
		824F8BD32528F1EE005934CE /* WeatherStation.swift in Sources */ = {isa = PBXBuildFile; fileRef = 824F8BCF2528F1EE005934CE /* WeatherStation.swift */; };
		824F8BD42528F1EE005934CE /* weather-data.csv in Resources */ = {isa = PBXBuildFile; fileRef = 824F8BD02528F1EE005934CE /* weather-data.csv */; };
		824F8BD52528F1EE005934CE /* DayInfo.swift in Sources */ = {isa = PBXBuildFile; fileRef = 824F8BD12528F1EE005934CE /* DayInfo.swift */; };
		824F8BD62528F1EE005934CE /* WeatherInformation.swift in Sources */ = {isa = PBXBuildFile; fileRef = 824F8BD22528F1EE005934CE /* WeatherInformation.swift */; };
		824F8BD82528F47F005934CE /* MapView.swift in Sources */ = {isa = PBXBuildFile; fileRef = 824F8BD72528F47F005934CE /* MapView.swift */; };
		824F8BDA25299364005934CE /* PrecipitationChart.swift in Sources */ = {isa = PBXBuildFile; fileRef = 824F8BD925299364005934CE /* PrecipitationChart.swift */; };
		824F8BDC2529986C005934CE /* SnowfallChart.swift in Sources */ = {isa = PBXBuildFile; fileRef = 824F8BDB2529986C005934CE /* SnowfallChart.swift */; };
		824F8BDE25299A54005934CE /* TemperatureChart.swift in Sources */ = {isa = PBXBuildFile; fileRef = 824F8BDD25299A54005934CE /* TemperatureChart.swift */; };
		824F8BEB2529D604005934CE /* Movies.xcdatamodeld in Sources */ = {isa = PBXBuildFile; fileRef = 824F8BE92529D604005934CE /* Movies.xcdatamodeld */; };
		824F8BED2529D6AE005934CE /* CoreDataManager.swift in Sources */ = {isa = PBXBuildFile; fileRef = 824F8BEC2529D6AE005934CE /* CoreDataManager.swift */; };
		824F8BF02529DA9A005934CE /* Movie+CoreDataClass.swift in Sources */ = {isa = PBXBuildFile; fileRef = 824F8BEE2529DA9A005934CE /* Movie+CoreDataClass.swift */; };
		824F8BF12529DA9A005934CE /* Movie+CoreDataProperties.swift in Sources */ = {isa = PBXBuildFile; fileRef = 824F8BEF2529DA9A005934CE /* Movie+CoreDataProperties.swift */; };
		824F8BF82529EACC005934CE /* UserInfo+CoreDataClass.swift in Sources */ = {isa = PBXBuildFile; fileRef = 824F8BF62529EACC005934CE /* UserInfo+CoreDataClass.swift */; };
		824F8BF92529EACC005934CE /* UserInfo+CoreDataProperties.swift in Sources */ = {isa = PBXBuildFile; fileRef = 824F8BF72529EACC005934CE /* UserInfo+CoreDataProperties.swift */; };
		824F8BFB2529F7D8005934CE /* SplashScreen.swift in Sources */ = {isa = PBXBuildFile; fileRef = 824F8BFA2529F7D7005934CE /* SplashScreen.swift */; };
		824F8C26252B897E005934CE /* DataModel.swift in Sources */ = {isa = PBXBuildFile; fileRef = 824F8C17252B897D005934CE /* DataModel.swift */; };
		824F8C27252B897E005934CE /* Waypoint.swift in Sources */ = {isa = PBXBuildFile; fileRef = 824F8C18252B897D005934CE /* Waypoint.swift */; };
		824F8C28252B897E005934CE /* Trip.swift in Sources */ = {isa = PBXBuildFile; fileRef = 824F8C19252B897D005934CE /* Trip.swift */; };
		824F8C2A252B897E005934CE /* SplitImage.swift in Sources */ = {isa = PBXBuildFile; fileRef = 824F8C1C252B897E005934CE /* SplitImage.swift */; };
		824F8C2B252B897E005934CE /* TripListCell.swift in Sources */ = {isa = PBXBuildFile; fileRef = 824F8C1D252B897E005934CE /* TripListCell.swift */; };
		824F8C2C252B897E005934CE /* Persistence.swift in Sources */ = {isa = PBXBuildFile; fileRef = 824F8C1F252B897E005934CE /* Persistence.swift */; };
		824F8C2D252B897E005934CE /* ImageDataProvider.swift in Sources */ = {isa = PBXBuildFile; fileRef = 824F8C20252B897E005934CE /* ImageDataProvider.swift */; };
		824F8C2E252B897E005934CE /* MapDataProvider.swift in Sources */ = {isa = PBXBuildFile; fileRef = 824F8C21252B897E005934CE /* MapDataProvider.swift */; };
		824F8C2F252B897E005934CE /* WaypointViewPresenter.swift in Sources */ = {isa = PBXBuildFile; fileRef = 824F8C23252B897E005934CE /* WaypointViewPresenter.swift */; };
		824F8C30252B897E005934CE /* WaypointView.swift in Sources */ = {isa = PBXBuildFile; fileRef = 824F8C24252B897E005934CE /* WaypointView.swift */; };
		824F8C31252B897E005934CE /* WaypointViewInteractor.swift in Sources */ = {isa = PBXBuildFile; fileRef = 824F8C25252B897E005934CE /* WaypointViewInteractor.swift */; };
		824F8C34252B89D5005934CE /* default.json in Resources */ = {isa = PBXBuildFile; fileRef = 824F8C33252B89D5005934CE /* default.json */; };
		824F8C36252B89EB005934CE /* ViperHomeView.swift in Sources */ = {isa = PBXBuildFile; fileRef = 824F8C35252B89EB005934CE /* ViperHomeView.swift */; };
		824F8C40252CDFB8005934CE /* TripListPresenter.swift in Sources */ = {isa = PBXBuildFile; fileRef = 824F8C3F252CDFB8005934CE /* TripListPresenter.swift */; };
		824F8C42252CDFEC005934CE /* TripListInteractor.swift in Sources */ = {isa = PBXBuildFile; fileRef = 824F8C41252CDFEC005934CE /* TripListInteractor.swift */; };
		824F8C44252CE121005934CE /* TripListView.swift in Sources */ = {isa = PBXBuildFile; fileRef = 824F8C43252CE121005934CE /* TripListView.swift */; };
		824F8C47252CE53E005934CE /* TripDetailInteractor.swift in Sources */ = {isa = PBXBuildFile; fileRef = 824F8C46252CE53E005934CE /* TripDetailInteractor.swift */; };
		824F8C49252CE551005934CE /* TripDetailPresenter.swift in Sources */ = {isa = PBXBuildFile; fileRef = 824F8C48252CE551005934CE /* TripDetailPresenter.swift */; };
		824F8C4B252CE55E005934CE /* TripDetailView.swift in Sources */ = {isa = PBXBuildFile; fileRef = 824F8C4A252CE55E005934CE /* TripDetailView.swift */; };
		824F8C4D252CE5E6005934CE /* TripListRouter.swift in Sources */ = {isa = PBXBuildFile; fileRef = 824F8C4C252CE5E6005934CE /* TripListRouter.swift */; };
		824F8C58252E27F1005934CE /* TripMapViewPresenter.swift in Sources */ = {isa = PBXBuildFile; fileRef = 824F8C57252E27F1005934CE /* TripMapViewPresenter.swift */; };
		824F8C5A252E282F005934CE /* TripMapView.swift in Sources */ = {isa = PBXBuildFile; fileRef = 824F8C59252E282F005934CE /* TripMapView.swift */; };
		824F8C5C252E2CEB005934CE /* TripDetailRouter.swift in Sources */ = {isa = PBXBuildFile; fileRef = 824F8C5B252E2CEB005934CE /* TripDetailRouter.swift */; };
		8259193A2523A8EA00E4460F /* AppDelegate.swift in Sources */ = {isa = PBXBuildFile; fileRef = 825919392523A8EA00E4460F /* AppDelegate.swift */; };
		8259193C2523A8EA00E4460F /* SceneDelegate.swift in Sources */ = {isa = PBXBuildFile; fileRef = 8259193B2523A8EA00E4460F /* SceneDelegate.swift */; };
		8259193E2523A8EA00E4460F /* ContentView.swift in Sources */ = {isa = PBXBuildFile; fileRef = 8259193D2523A8EA00E4460F /* ContentView.swift */; };
		825919402523A8ED00E4460F /* Assets.xcassets in Resources */ = {isa = PBXBuildFile; fileRef = 8259193F2523A8ED00E4460F /* Assets.xcassets */; };
		825919432523A8ED00E4460F /* Preview Assets.xcassets in Resources */ = {isa = PBXBuildFile; fileRef = 825919422523A8ED00E4460F /* Preview Assets.xcassets */; };
		825919462523A8ED00E4460F /* LaunchScreen.storyboard in Resources */ = {isa = PBXBuildFile; fileRef = 825919442523A8ED00E4460F /* LaunchScreen.storyboard */; };
		825919512523A8ED00E4460F /* iOSSwiftUITests.swift in Sources */ = {isa = PBXBuildFile; fileRef = 825919502523A8ED00E4460F /* iOSSwiftUITests.swift */; };
		8259195C2523A8ED00E4460F /* iOSSwiftUIUITests.swift in Sources */ = {isa = PBXBuildFile; fileRef = 8259195B2523A8ED00E4460F /* iOSSwiftUIUITests.swift */; };
		825919712523ABEB00E4460F /* RatingView.swift in Sources */ = {isa = PBXBuildFile; fileRef = 8259196B2523ABEB00E4460F /* RatingView.swift */; };
		825919722523ABEB00E4460F /* MovieRow.swift in Sources */ = {isa = PBXBuildFile; fileRef = 8259196C2523ABEB00E4460F /* MovieRow.swift */; };
		825919732523ABEB00E4460F /* MovieList.swift in Sources */ = {isa = PBXBuildFile; fileRef = 8259196D2523ABEB00E4460F /* MovieList.swift */; };
		825919742523ABEB00E4460F /* AddMovie.swift in Sources */ = {isa = PBXBuildFile; fileRef = 8259196E2523ABEB00E4460F /* AddMovie.swift */; };
		825919752523ABEB00E4460F /* MovieStore.swift in Sources */ = {isa = PBXBuildFile; fileRef = 8259196F2523ABEB00E4460F /* MovieStore.swift */; };
		825919782523ABF800E4460F /* UserView.swift in Sources */ = {isa = PBXBuildFile; fileRef = 825919772523ABF800E4460F /* UserView.swift */; };
		8259197A2523B24700E4460F /* GenrePicker.swift in Sources */ = {isa = PBXBuildFile; fileRef = 825919792523B24700E4460F /* GenrePicker.swift */; };
		825919902524C75000E4460F /* Employees.swift in Sources */ = {isa = PBXBuildFile; fileRef = 8259198E2524C74F00E4460F /* Employees.swift */; };
		825919912524C75000E4460F /* Employees.xcassets in Resources */ = {isa = PBXBuildFile; fileRef = 8259198F2524C75000E4460F /* Employees.xcassets */; };
		825919932524C75700E4460F /* DetailView.swift in Sources */ = {isa = PBXBuildFile; fileRef = 825919922524C75700E4460F /* DetailView.swift */; };
		825919952524C79600E4460F /* EmployeesView.swift in Sources */ = {isa = PBXBuildFile; fileRef = 825919942524C79600E4460F /* EmployeesView.swift */; };
		8259199F2525061D00E4460F /* ArrayExtension.swift in Sources */ = {isa = PBXBuildFile; fileRef = 825919982525061D00E4460F /* ArrayExtension.swift */; };
		825919A12525061E00E4460F /* Formatters.swift in Sources */ = {isa = PBXBuildFile; fileRef = 8259199C2525061D00E4460F /* Formatters.swift */; };
		825919A22525061E00E4460F /* Parsing.swift in Sources */ = {isa = PBXBuildFile; fileRef = 8259199E2525061D00E4460F /* Parsing.swift */; };
		825919B32525062E00E4460F /* WeeklyWeatherView.swift in Sources */ = {isa = PBXBuildFile; fileRef = 825919A52525062D00E4460F /* WeeklyWeatherView.swift */; };
		825919B42525062E00E4460F /* WeeklyWeatherBuilder.swift in Sources */ = {isa = PBXBuildFile; fileRef = 825919A62525062D00E4460F /* WeeklyWeatherBuilder.swift */; };
		825919B52525062E00E4460F /* WeeklyWeatherViewModel.swift in Sources */ = {isa = PBXBuildFile; fileRef = 825919A72525062D00E4460F /* WeeklyWeatherViewModel.swift */; };
		825919B62525062E00E4460F /* DailyWeatherRow.swift in Sources */ = {isa = PBXBuildFile; fileRef = 825919A82525062D00E4460F /* DailyWeatherRow.swift */; };
		825919B72525062E00E4460F /* DailyWeatherRowViewModel.swift in Sources */ = {isa = PBXBuildFile; fileRef = 825919A92525062D00E4460F /* DailyWeatherRowViewModel.swift */; };
		825919B82525062E00E4460F /* CurrentWeatherViewModel.swift in Sources */ = {isa = PBXBuildFile; fileRef = 825919AB2525062E00E4460F /* CurrentWeatherViewModel.swift */; };
		825919B92525062E00E4460F /* CurrentWeatherRow.swift in Sources */ = {isa = PBXBuildFile; fileRef = 825919AC2525062E00E4460F /* CurrentWeatherRow.swift */; };
		825919BA2525062E00E4460F /* CurrentWeatherView.swift in Sources */ = {isa = PBXBuildFile; fileRef = 825919AD2525062E00E4460F /* CurrentWeatherView.swift */; };
		825919BB2525062E00E4460F /* CurrentWeatherRowViewModel.swift in Sources */ = {isa = PBXBuildFile; fileRef = 825919AE2525062E00E4460F /* CurrentWeatherRowViewModel.swift */; };
		825919BD2525062E00E4460F /* Responses.swift in Sources */ = {isa = PBXBuildFile; fileRef = 825919B12525062E00E4460F /* Responses.swift */; };
		825919BE2525062E00E4460F /* WeatherFetcher.swift in Sources */ = {isa = PBXBuildFile; fileRef = 825919B22525062E00E4460F /* WeatherFetcher.swift */; };
		825919C625265A0600E4460F /* ApiClient.swift in Sources */ = {isa = PBXBuildFile; fileRef = 825919C425265A0600E4460F /* ApiClient.swift */; };
		825919C725265A0600E4460F /* MyError.swift in Sources */ = {isa = PBXBuildFile; fileRef = 825919C525265A0600E4460F /* MyError.swift */; };
/* End PBXBuildFile section */

/* Begin PBXContainerItemProxy section */
		8259194D2523A8ED00E4460F /* PBXContainerItemProxy */ = {
			isa = PBXContainerItemProxy;
			containerPortal = 8259192E2523A8EA00E4460F /* Project object */;
			proxyType = 1;
			remoteGlobalIDString = 825919352523A8EA00E4460F;
			remoteInfo = iOSSwiftUI;
		};
		825919582523A8ED00E4460F /* PBXContainerItemProxy */ = {
			isa = PBXContainerItemProxy;
			containerPortal = 8259192E2523A8EA00E4460F /* Project object */;
			proxyType = 1;
			remoteGlobalIDString = 825919352523A8EA00E4460F;
			remoteInfo = iOSSwiftUI;
		};
/* End PBXContainerItemProxy section */

/* Begin PBXFileReference section */
		824F8B3A252798D4005934CE /* SettingsView.swift */ = {isa = PBXFileReference; fileEncoding = 4; lastKnownFileType = sourcecode.swift; path = SettingsView.swift; sourceTree = "<group>"; };
		824F8B3B252798D4005934CE /* ProgressBarView.swift */ = {isa = PBXFileReference; fileEncoding = 4; lastKnownFileType = sourcecode.swift; path = ProgressBarView.swift; sourceTree = "<group>"; };
		824F8B3C252798D4005934CE /* AccessoryRowView.swift */ = {isa = PBXFileReference; fileEncoding = 4; lastKnownFileType = sourcecode.swift; path = AccessoryRowView.swift; sourceTree = "<group>"; };
		824F8B3D252798D4005934CE /* TabBarItemView.swift */ = {isa = PBXFileReference; fileEncoding = 4; lastKnownFileType = sourcecode.swift; path = TabBarItemView.swift; sourceTree = "<group>"; };
		824F8B3E252798D4005934CE /* AutomationView.swift */ = {isa = PBXFileReference; fileEncoding = 4; lastKnownFileType = sourcecode.swift; path = AutomationView.swift; sourceTree = "<group>"; };
		824F8B3F252798D4005934CE /* LairView.swift */ = {isa = PBXFileReference; fileEncoding = 4; lastKnownFileType = sourcecode.swift; path = LairView.swift; sourceTree = "<group>"; };
		824F8B40252798D4005934CE /* TabBarView.swift */ = {isa = PBXFileReference; fileEncoding = 4; lastKnownFileType = sourcecode.swift; path = TabBarView.swift; sourceTree = "<group>"; };
		824F8B41252798D4005934CE /* CameraView.swift */ = {isa = PBXFileReference; fileEncoding = 4; lastKnownFileType = sourcecode.swift; path = CameraView.swift; sourceTree = "<group>"; };
		824F8B42252798D4005934CE /* AccessoryView.swift */ = {isa = PBXFileReference; fileEncoding = 4; lastKnownFileType = sourcecode.swift; path = AccessoryView.swift; sourceTree = "<group>"; };
		824F8B4E25279B22005934CE /* CustomDesignsView.swift */ = {isa = PBXFileReference; fileEncoding = 4; lastKnownFileType = sourcecode.swift; path = CustomDesignsView.swift; sourceTree = "<group>"; };
		824F8B502527A676005934CE /* ColorExtension.swift */ = {isa = PBXFileReference; fileEncoding = 4; lastKnownFileType = sourcecode.swift; path = ColorExtension.swift; sourceTree = "<group>"; };
		824F8B512527A676005934CE /* LinearGradientExtension.swift */ = {isa = PBXFileReference; fileEncoding = 4; lastKnownFileType = sourcecode.swift; path = LinearGradientExtension.swift; sourceTree = "<group>"; };
		824F8B522527A676005934CE /* UIColorExtension.swift */ = {isa = PBXFileReference; fileEncoding = 4; lastKnownFileType = sourcecode.swift; path = UIColorExtension.swift; sourceTree = "<group>"; };
		824F8B562527AB59005934CE /* ViewExtension.swift */ = {isa = PBXFileReference; lastKnownFileType = sourcecode.swift; path = ViewExtension.swift; sourceTree = "<group>"; };
		824F8B9E2527B380005934CE /* PlanetModel.swift */ = {isa = PBXFileReference; fileEncoding = 4; lastKnownFileType = sourcecode.swift; path = PlanetModel.swift; sourceTree = "<group>"; };
		824F8B9F2527B380005934CE /* AnimationsView.swift */ = {isa = PBXFileReference; fileEncoding = 4; lastKnownFileType = sourcecode.swift; path = AnimationsView.swift; sourceTree = "<group>"; };
		824F8BA02527B380005934CE /* MoonList.swift */ = {isa = PBXFileReference; fileEncoding = 4; lastKnownFileType = sourcecode.swift; path = MoonList.swift; sourceTree = "<group>"; };
		824F8BA12527B380005934CE /* MoonView.swift */ = {isa = PBXFileReference; fileEncoding = 4; lastKnownFileType = sourcecode.swift; path = MoonView.swift; sourceTree = "<group>"; };
		824F8BA22527B380005934CE /* MoonFlow.swift */ = {isa = PBXFileReference; fileEncoding = 4; lastKnownFileType = sourcecode.swift; path = MoonFlow.swift; sourceTree = "<group>"; };
		824F8BA32527B380005934CE /* PlanetInfo.swift */ = {isa = PBXFileReference; fileEncoding = 4; lastKnownFileType = sourcecode.swift; path = PlanetInfo.swift; sourceTree = "<group>"; };
		824F8BA42527B380005934CE /* SolarSystem.swift */ = {isa = PBXFileReference; fileEncoding = 4; lastKnownFileType = sourcecode.swift; path = SolarSystem.swift; sourceTree = "<group>"; };
		824F8BB82528E2EC005934CE /* Animations.xcassets */ = {isa = PBXFileReference; lastKnownFileType = folder.assetcatalog; path = Animations.xcassets; sourceTree = "<group>"; };
		824F8BBC2528F153005934CE /* DoubleExtension.swift */ = {isa = PBXFileReference; fileEncoding = 4; lastKnownFileType = sourcecode.swift; path = DoubleExtension.swift; sourceTree = "<group>"; };
		824F8BC02528F1DE005934CE /* StationHeader.swift */ = {isa = PBXFileReference; fileEncoding = 4; lastKnownFileType = sourcecode.swift; path = StationHeader.swift; sourceTree = "<group>"; };
		824F8BC12528F1DE005934CE /* ChartsView.swift */ = {isa = PBXFileReference; fileEncoding = 4; lastKnownFileType = sourcecode.swift; path = ChartsView.swift; sourceTree = "<group>"; };
		824F8BC22528F1DE005934CE /* StationInfo.swift */ = {isa = PBXFileReference; fileEncoding = 4; lastKnownFileType = sourcecode.swift; path = StationInfo.swift; sourceTree = "<group>"; };
		824F8BC82528F1E6005934CE /* PrecipitationTab.swift */ = {isa = PBXFileReference; fileEncoding = 4; lastKnownFileType = sourcecode.swift; path = PrecipitationTab.swift; sourceTree = "<group>"; };
		824F8BC92528F1E6005934CE /* SnowfallTab.swift */ = {isa = PBXFileReference; fileEncoding = 4; lastKnownFileType = sourcecode.swift; path = SnowfallTab.swift; sourceTree = "<group>"; };
		824F8BCA2528F1E6005934CE /* TemperatureTab.swift */ = {isa = PBXFileReference; fileEncoding = 4; lastKnownFileType = sourcecode.swift; path = TemperatureTab.swift; sourceTree = "<group>"; };
		824F8BCF2528F1EE005934CE /* WeatherStation.swift */ = {isa = PBXFileReference; fileEncoding = 4; lastKnownFileType = sourcecode.swift; path = WeatherStation.swift; sourceTree = "<group>"; };
		824F8BD02528F1EE005934CE /* weather-data.csv */ = {isa = PBXFileReference; fileEncoding = 4; lastKnownFileType = text; path = "weather-data.csv"; sourceTree = "<group>"; };
		824F8BD12528F1EE005934CE /* DayInfo.swift */ = {isa = PBXFileReference; fileEncoding = 4; lastKnownFileType = sourcecode.swift; path = DayInfo.swift; sourceTree = "<group>"; };
		824F8BD22528F1EE005934CE /* WeatherInformation.swift */ = {isa = PBXFileReference; fileEncoding = 4; lastKnownFileType = sourcecode.swift; path = WeatherInformation.swift; sourceTree = "<group>"; };
		824F8BD72528F47F005934CE /* MapView.swift */ = {isa = PBXFileReference; fileEncoding = 4; lastKnownFileType = sourcecode.swift; path = MapView.swift; sourceTree = "<group>"; };
		824F8BD925299364005934CE /* PrecipitationChart.swift */ = {isa = PBXFileReference; lastKnownFileType = sourcecode.swift; path = PrecipitationChart.swift; sourceTree = "<group>"; };
		824F8BDB2529986C005934CE /* SnowfallChart.swift */ = {isa = PBXFileReference; lastKnownFileType = sourcecode.swift; path = SnowfallChart.swift; sourceTree = "<group>"; };
		824F8BDD25299A54005934CE /* TemperatureChart.swift */ = {isa = PBXFileReference; lastKnownFileType = sourcecode.swift; path = TemperatureChart.swift; sourceTree = "<group>"; };
		824F8BEA2529D604005934CE /* Movies.xcdatamodel */ = {isa = PBXFileReference; lastKnownFileType = wrapper.xcdatamodel; path = Movies.xcdatamodel; sourceTree = "<group>"; };
		824F8BEC2529D6AE005934CE /* CoreDataManager.swift */ = {isa = PBXFileReference; lastKnownFileType = sourcecode.swift; path = CoreDataManager.swift; sourceTree = "<group>"; };
		824F8BEE2529DA9A005934CE /* Movie+CoreDataClass.swift */ = {isa = PBXFileReference; lastKnownFileType = sourcecode.swift; path = "Movie+CoreDataClass.swift"; sourceTree = "<group>"; };
		824F8BEF2529DA9A005934CE /* Movie+CoreDataProperties.swift */ = {isa = PBXFileReference; lastKnownFileType = sourcecode.swift; path = "Movie+CoreDataProperties.swift"; sourceTree = "<group>"; };
		824F8BF62529EACC005934CE /* UserInfo+CoreDataClass.swift */ = {isa = PBXFileReference; lastKnownFileType = sourcecode.swift; path = "UserInfo+CoreDataClass.swift"; sourceTree = "<group>"; };
		824F8BF72529EACC005934CE /* UserInfo+CoreDataProperties.swift */ = {isa = PBXFileReference; lastKnownFileType = sourcecode.swift; path = "UserInfo+CoreDataProperties.swift"; sourceTree = "<group>"; };
		824F8BFA2529F7D7005934CE /* SplashScreen.swift */ = {isa = PBXFileReference; fileEncoding = 4; lastKnownFileType = sourcecode.swift; path = SplashScreen.swift; sourceTree = "<group>"; };
		824F8C17252B897D005934CE /* DataModel.swift */ = {isa = PBXFileReference; fileEncoding = 4; lastKnownFileType = sourcecode.swift; path = DataModel.swift; sourceTree = "<group>"; };
		824F8C18252B897D005934CE /* Waypoint.swift */ = {isa = PBXFileReference; fileEncoding = 4; lastKnownFileType = sourcecode.swift; path = Waypoint.swift; sourceTree = "<group>"; };
		824F8C19252B897D005934CE /* Trip.swift */ = {isa = PBXFileReference; fileEncoding = 4; lastKnownFileType = sourcecode.swift; path = Trip.swift; sourceTree = "<group>"; };
		824F8C1C252B897E005934CE /* SplitImage.swift */ = {isa = PBXFileReference; fileEncoding = 4; lastKnownFileType = sourcecode.swift; path = SplitImage.swift; sourceTree = "<group>"; };
		824F8C1D252B897E005934CE /* TripListCell.swift */ = {isa = PBXFileReference; fileEncoding = 4; lastKnownFileType = sourcecode.swift; path = TripListCell.swift; sourceTree = "<group>"; };
		824F8C1F252B897E005934CE /* Persistence.swift */ = {isa = PBXFileReference; fileEncoding = 4; lastKnownFileType = sourcecode.swift; path = Persistence.swift; sourceTree = "<group>"; };
		824F8C20252B897E005934CE /* ImageDataProvider.swift */ = {isa = PBXFileReference; fileEncoding = 4; lastKnownFileType = sourcecode.swift; path = ImageDataProvider.swift; sourceTree = "<group>"; };
		824F8C21252B897E005934CE /* MapDataProvider.swift */ = {isa = PBXFileReference; fileEncoding = 4; lastKnownFileType = sourcecode.swift; path = MapDataProvider.swift; sourceTree = "<group>"; };
		824F8C23252B897E005934CE /* WaypointViewPresenter.swift */ = {isa = PBXFileReference; fileEncoding = 4; lastKnownFileType = sourcecode.swift; path = WaypointViewPresenter.swift; sourceTree = "<group>"; };
		824F8C24252B897E005934CE /* WaypointView.swift */ = {isa = PBXFileReference; fileEncoding = 4; lastKnownFileType = sourcecode.swift; path = WaypointView.swift; sourceTree = "<group>"; };
		824F8C25252B897E005934CE /* WaypointViewInteractor.swift */ = {isa = PBXFileReference; fileEncoding = 4; lastKnownFileType = sourcecode.swift; path = WaypointViewInteractor.swift; sourceTree = "<group>"; };
		824F8C33252B89D5005934CE /* default.json */ = {isa = PBXFileReference; fileEncoding = 4; lastKnownFileType = text.json; path = default.json; sourceTree = "<group>"; };
		824F8C35252B89EB005934CE /* ViperHomeView.swift */ = {isa = PBXFileReference; fileEncoding = 4; lastKnownFileType = sourcecode.swift; path = ViperHomeView.swift; sourceTree = "<group>"; };
		824F8C3F252CDFB8005934CE /* TripListPresenter.swift */ = {isa = PBXFileReference; lastKnownFileType = sourcecode.swift; path = TripListPresenter.swift; sourceTree = "<group>"; };
		824F8C41252CDFEC005934CE /* TripListInteractor.swift */ = {isa = PBXFileReference; fileEncoding = 4; lastKnownFileType = sourcecode.swift; path = TripListInteractor.swift; sourceTree = "<group>"; };
		824F8C43252CE121005934CE /* TripListView.swift */ = {isa = PBXFileReference; lastKnownFileType = sourcecode.swift; path = TripListView.swift; sourceTree = "<group>"; };
		824F8C46252CE53E005934CE /* TripDetailInteractor.swift */ = {isa = PBXFileReference; lastKnownFileType = sourcecode.swift; path = TripDetailInteractor.swift; sourceTree = "<group>"; };
		824F8C48252CE551005934CE /* TripDetailPresenter.swift */ = {isa = PBXFileReference; lastKnownFileType = sourcecode.swift; path = TripDetailPresenter.swift; sourceTree = "<group>"; };
		824F8C4A252CE55E005934CE /* TripDetailView.swift */ = {isa = PBXFileReference; lastKnownFileType = sourcecode.swift; path = TripDetailView.swift; sourceTree = "<group>"; };
		824F8C4C252CE5E6005934CE /* TripListRouter.swift */ = {isa = PBXFileReference; lastKnownFileType = sourcecode.swift; path = TripListRouter.swift; sourceTree = "<group>"; };
		824F8C57252E27F1005934CE /* TripMapViewPresenter.swift */ = {isa = PBXFileReference; lastKnownFileType = sourcecode.swift; path = TripMapViewPresenter.swift; sourceTree = "<group>"; };
		824F8C59252E282F005934CE /* TripMapView.swift */ = {isa = PBXFileReference; lastKnownFileType = sourcecode.swift; path = TripMapView.swift; sourceTree = "<group>"; };
		824F8C5B252E2CEB005934CE /* TripDetailRouter.swift */ = {isa = PBXFileReference; lastKnownFileType = sourcecode.swift; path = TripDetailRouter.swift; sourceTree = "<group>"; };
		825919362523A8EA00E4460F /* iOSSwiftUI.app */ = {isa = PBXFileReference; explicitFileType = wrapper.application; includeInIndex = 0; path = iOSSwiftUI.app; sourceTree = BUILT_PRODUCTS_DIR; };
		825919392523A8EA00E4460F /* AppDelegate.swift */ = {isa = PBXFileReference; lastKnownFileType = sourcecode.swift; path = AppDelegate.swift; sourceTree = "<group>"; };
		8259193B2523A8EA00E4460F /* SceneDelegate.swift */ = {isa = PBXFileReference; lastKnownFileType = sourcecode.swift; path = SceneDelegate.swift; sourceTree = "<group>"; };
		8259193D2523A8EA00E4460F /* ContentView.swift */ = {isa = PBXFileReference; lastKnownFileType = sourcecode.swift; path = ContentView.swift; sourceTree = "<group>"; };
		8259193F2523A8ED00E4460F /* Assets.xcassets */ = {isa = PBXFileReference; lastKnownFileType = folder.assetcatalog; path = Assets.xcassets; sourceTree = "<group>"; };
		825919422523A8ED00E4460F /* Preview Assets.xcassets */ = {isa = PBXFileReference; lastKnownFileType = folder.assetcatalog; path = "Preview Assets.xcassets"; sourceTree = "<group>"; };
		825919452523A8ED00E4460F /* Base */ = {isa = PBXFileReference; lastKnownFileType = file.storyboard; name = Base; path = Base.lproj/LaunchScreen.storyboard; sourceTree = "<group>"; };
		825919472523A8ED00E4460F /* Info.plist */ = {isa = PBXFileReference; lastKnownFileType = text.plist.xml; path = Info.plist; sourceTree = "<group>"; };
		8259194C2523A8ED00E4460F /* iOSSwiftUITests.xctest */ = {isa = PBXFileReference; explicitFileType = wrapper.cfbundle; includeInIndex = 0; path = iOSSwiftUITests.xctest; sourceTree = BUILT_PRODUCTS_DIR; };
		825919502523A8ED00E4460F /* iOSSwiftUITests.swift */ = {isa = PBXFileReference; lastKnownFileType = sourcecode.swift; path = iOSSwiftUITests.swift; sourceTree = "<group>"; };
		825919522523A8ED00E4460F /* Info.plist */ = {isa = PBXFileReference; lastKnownFileType = text.plist.xml; path = Info.plist; sourceTree = "<group>"; };
		825919572523A8ED00E4460F /* iOSSwiftUIUITests.xctest */ = {isa = PBXFileReference; explicitFileType = wrapper.cfbundle; includeInIndex = 0; path = iOSSwiftUIUITests.xctest; sourceTree = BUILT_PRODUCTS_DIR; };
		8259195B2523A8ED00E4460F /* iOSSwiftUIUITests.swift */ = {isa = PBXFileReference; lastKnownFileType = sourcecode.swift; path = iOSSwiftUIUITests.swift; sourceTree = "<group>"; };
		8259195D2523A8ED00E4460F /* Info.plist */ = {isa = PBXFileReference; lastKnownFileType = text.plist.xml; path = Info.plist; sourceTree = "<group>"; };
		8259196B2523ABEB00E4460F /* RatingView.swift */ = {isa = PBXFileReference; fileEncoding = 4; lastKnownFileType = sourcecode.swift; path = RatingView.swift; sourceTree = "<group>"; };
		8259196C2523ABEB00E4460F /* MovieRow.swift */ = {isa = PBXFileReference; fileEncoding = 4; lastKnownFileType = sourcecode.swift; path = MovieRow.swift; sourceTree = "<group>"; };
		8259196D2523ABEB00E4460F /* MovieList.swift */ = {isa = PBXFileReference; fileEncoding = 4; lastKnownFileType = sourcecode.swift; path = MovieList.swift; sourceTree = "<group>"; };
		8259196E2523ABEB00E4460F /* AddMovie.swift */ = {isa = PBXFileReference; fileEncoding = 4; lastKnownFileType = sourcecode.swift; path = AddMovie.swift; sourceTree = "<group>"; };
		8259196F2523ABEB00E4460F /* MovieStore.swift */ = {isa = PBXFileReference; fileEncoding = 4; lastKnownFileType = sourcecode.swift; path = MovieStore.swift; sourceTree = "<group>"; };
		825919772523ABF800E4460F /* UserView.swift */ = {isa = PBXFileReference; fileEncoding = 4; lastKnownFileType = sourcecode.swift; path = UserView.swift; sourceTree = "<group>"; };
		825919792523B24700E4460F /* GenrePicker.swift */ = {isa = PBXFileReference; lastKnownFileType = sourcecode.swift; path = GenrePicker.swift; sourceTree = "<group>"; };
		8259198E2524C74F00E4460F /* Employees.swift */ = {isa = PBXFileReference; fileEncoding = 4; lastKnownFileType = sourcecode.swift; path = Employees.swift; sourceTree = "<group>"; };
		8259198F2524C75000E4460F /* Employees.xcassets */ = {isa = PBXFileReference; lastKnownFileType = folder.assetcatalog; path = Employees.xcassets; sourceTree = "<group>"; };
		825919922524C75700E4460F /* DetailView.swift */ = {isa = PBXFileReference; fileEncoding = 4; lastKnownFileType = sourcecode.swift; path = DetailView.swift; sourceTree = "<group>"; };
		825919942524C79600E4460F /* EmployeesView.swift */ = {isa = PBXFileReference; lastKnownFileType = sourcecode.swift; path = EmployeesView.swift; sourceTree = "<group>"; };
		825919982525061D00E4460F /* ArrayExtension.swift */ = {isa = PBXFileReference; fileEncoding = 4; lastKnownFileType = sourcecode.swift; path = ArrayExtension.swift; sourceTree = "<group>"; };
		8259199C2525061D00E4460F /* Formatters.swift */ = {isa = PBXFileReference; fileEncoding = 4; lastKnownFileType = sourcecode.swift; path = Formatters.swift; sourceTree = "<group>"; };
		8259199E2525061D00E4460F /* Parsing.swift */ = {isa = PBXFileReference; fileEncoding = 4; lastKnownFileType = sourcecode.swift; path = Parsing.swift; sourceTree = "<group>"; };
		825919A52525062D00E4460F /* WeeklyWeatherView.swift */ = {isa = PBXFileReference; fileEncoding = 4; lastKnownFileType = sourcecode.swift; path = WeeklyWeatherView.swift; sourceTree = "<group>"; };
		825919A62525062D00E4460F /* WeeklyWeatherBuilder.swift */ = {isa = PBXFileReference; fileEncoding = 4; lastKnownFileType = sourcecode.swift; path = WeeklyWeatherBuilder.swift; sourceTree = "<group>"; };
		825919A72525062D00E4460F /* WeeklyWeatherViewModel.swift */ = {isa = PBXFileReference; fileEncoding = 4; lastKnownFileType = sourcecode.swift; path = WeeklyWeatherViewModel.swift; sourceTree = "<group>"; };
		825919A82525062D00E4460F /* DailyWeatherRow.swift */ = {isa = PBXFileReference; fileEncoding = 4; lastKnownFileType = sourcecode.swift; path = DailyWeatherRow.swift; sourceTree = "<group>"; };
		825919A92525062D00E4460F /* DailyWeatherRowViewModel.swift */ = {isa = PBXFileReference; fileEncoding = 4; lastKnownFileType = sourcecode.swift; path = DailyWeatherRowViewModel.swift; sourceTree = "<group>"; };
		825919AB2525062E00E4460F /* CurrentWeatherViewModel.swift */ = {isa = PBXFileReference; fileEncoding = 4; lastKnownFileType = sourcecode.swift; path = CurrentWeatherViewModel.swift; sourceTree = "<group>"; };
		825919AC2525062E00E4460F /* CurrentWeatherRow.swift */ = {isa = PBXFileReference; fileEncoding = 4; lastKnownFileType = sourcecode.swift; path = CurrentWeatherRow.swift; sourceTree = "<group>"; };
		825919AD2525062E00E4460F /* CurrentWeatherView.swift */ = {isa = PBXFileReference; fileEncoding = 4; lastKnownFileType = sourcecode.swift; path = CurrentWeatherView.swift; sourceTree = "<group>"; };
		825919AE2525062E00E4460F /* CurrentWeatherRowViewModel.swift */ = {isa = PBXFileReference; fileEncoding = 4; lastKnownFileType = sourcecode.swift; path = CurrentWeatherRowViewModel.swift; sourceTree = "<group>"; };
		825919B12525062E00E4460F /* Responses.swift */ = {isa = PBXFileReference; fileEncoding = 4; lastKnownFileType = sourcecode.swift; path = Responses.swift; sourceTree = "<group>"; };
		825919B22525062E00E4460F /* WeatherFetcher.swift */ = {isa = PBXFileReference; fileEncoding = 4; lastKnownFileType = sourcecode.swift; path = WeatherFetcher.swift; sourceTree = "<group>"; };
		825919C425265A0600E4460F /* ApiClient.swift */ = {isa = PBXFileReference; fileEncoding = 4; lastKnownFileType = sourcecode.swift; path = ApiClient.swift; sourceTree = "<group>"; };
		825919C525265A0600E4460F /* MyError.swift */ = {isa = PBXFileReference; fileEncoding = 4; lastKnownFileType = sourcecode.swift; path = MyError.swift; sourceTree = "<group>"; };
/* End PBXFileReference section */

/* Begin PBXFrameworksBuildPhase section */
		825919332523A8EA00E4460F /* Frameworks */ = {
			isa = PBXFrameworksBuildPhase;
			buildActionMask = 2147483647;
			files = (
			);
			runOnlyForDeploymentPostprocessing = 0;
		};
		825919492523A8ED00E4460F /* Frameworks */ = {
			isa = PBXFrameworksBuildPhase;
			buildActionMask = 2147483647;
			files = (
			);
			runOnlyForDeploymentPostprocessing = 0;
		};
		825919542523A8ED00E4460F /* Frameworks */ = {
			isa = PBXFrameworksBuildPhase;
			buildActionMask = 2147483647;
			files = (
			);
			runOnlyForDeploymentPostprocessing = 0;
		};
/* End PBXFrameworksBuildPhase section */

/* Begin PBXGroup section */
		824F8B39252798D4005934CE /* CustomDesigns */ = {
			isa = PBXGroup;
			children = (
				824F8B3A252798D4005934CE /* SettingsView.swift */,
				824F8B3B252798D4005934CE /* ProgressBarView.swift */,
				824F8B3C252798D4005934CE /* AccessoryRowView.swift */,
				824F8B3D252798D4005934CE /* TabBarItemView.swift */,
				824F8B3E252798D4005934CE /* AutomationView.swift */,
				824F8B3F252798D4005934CE /* LairView.swift */,
				824F8B40252798D4005934CE /* TabBarView.swift */,
				824F8B41252798D4005934CE /* CameraView.swift */,
				824F8B42252798D4005934CE /* AccessoryView.swift */,
				824F8B4E25279B22005934CE /* CustomDesignsView.swift */,
			);
			path = CustomDesigns;
			sourceTree = "<group>";
		};
		824F8B9D2527B370005934CE /* Animations */ = {
			isa = PBXGroup;
			children = (
				824F8BB82528E2EC005934CE /* Animations.xcassets */,
				824F8B9F2527B380005934CE /* AnimationsView.swift */,
				824F8BA22527B380005934CE /* MoonFlow.swift */,
				824F8BA02527B380005934CE /* MoonList.swift */,
				824F8BA12527B380005934CE /* MoonView.swift */,
				824F8BA32527B380005934CE /* PlanetInfo.swift */,
				824F8B9E2527B380005934CE /* PlanetModel.swift */,
				824F8BA42527B380005934CE /* SolarSystem.swift */,
			);
			path = Animations;
			sourceTree = "<group>";
		};
		824F8BBE2528F1C9005934CE /* Charts */ = {
			isa = PBXGroup;
			children = (
				824F8BCE2528F1EE005934CE /* Models */,
				824F8BC72528F1E6005934CE /* Tabs */,
				824F8BC12528F1DE005934CE /* ChartsView.swift */,
				824F8BC02528F1DE005934CE /* StationHeader.swift */,
				824F8BC22528F1DE005934CE /* StationInfo.swift */,
				824F8BD925299364005934CE /* PrecipitationChart.swift */,
				824F8BDB2529986C005934CE /* SnowfallChart.swift */,
				824F8BDD25299A54005934CE /* TemperatureChart.swift */,
			);
			path = Charts;
			sourceTree = "<group>";
		};
		824F8BC72528F1E6005934CE /* Tabs */ = {
			isa = PBXGroup;
			children = (
				824F8BC82528F1E6005934CE /* PrecipitationTab.swift */,
				824F8BC92528F1E6005934CE /* SnowfallTab.swift */,
				824F8BCA2528F1E6005934CE /* TemperatureTab.swift */,
			);
			path = Tabs;
			sourceTree = "<group>";
		};
		824F8BCE2528F1EE005934CE /* Models */ = {
			isa = PBXGroup;
			children = (
				824F8BCF2528F1EE005934CE /* WeatherStation.swift */,
				824F8BD02528F1EE005934CE /* weather-data.csv */,
				824F8BD12528F1EE005934CE /* DayInfo.swift */,
				824F8BD22528F1EE005934CE /* WeatherInformation.swift */,
			);
			path = Models;
			sourceTree = "<group>";
		};
		824F8BE82529D5E6005934CE /* CoreData */ = {
			isa = PBXGroup;
			children = (
				824F8BEE2529DA9A005934CE /* Movie+CoreDataClass.swift */,
				824F8BEF2529DA9A005934CE /* Movie+CoreDataProperties.swift */,
				824F8BF62529EACC005934CE /* UserInfo+CoreDataClass.swift */,
				824F8BF72529EACC005934CE /* UserInfo+CoreDataProperties.swift */,
				824F8BE92529D604005934CE /* Movies.xcdatamodeld */,
				824F8BEC2529D6AE005934CE /* CoreDataManager.swift */,
			);
			path = CoreData;
			sourceTree = "<group>";
		};
		824F8C15252B8961005934CE /* Viper */ = {
			isa = PBXGroup;
			children = (
				824F8C35252B89EB005934CE /* ViperHomeView.swift */,
				824F8C5D252E2E63005934CE /* TripMapView */,
				824F8C56252E27D5005934CE /* TripDetail */,
				824F8C45252CE520005934CE /* TripList */,
				824F8C1E252B897E005934CE /* Data Sources */,
				824F8C16252B897D005934CE /* Entities */,
				824F8C1A252B897D005934CE /* Functional Views */,
				824F8C22252B897E005934CE /* WaypointModule */,
			);
			path = Viper;
			sourceTree = "<group>";
		};
		824F8C16252B897D005934CE /* Entities */ = {
			isa = PBXGroup;
			children = (
				824F8C17252B897D005934CE /* DataModel.swift */,
				824F8C18252B897D005934CE /* Waypoint.swift */,
				824F8C19252B897D005934CE /* Trip.swift */,
			);
			path = Entities;
			sourceTree = "<group>";
		};
		824F8C1A252B897D005934CE /* Functional Views */ = {
			isa = PBXGroup;
			children = (
				824F8C1C252B897E005934CE /* SplitImage.swift */,
				824F8C1D252B897E005934CE /* TripListCell.swift */,
			);
			path = "Functional Views";
			sourceTree = "<group>";
		};
		824F8C1E252B897E005934CE /* Data Sources */ = {
			isa = PBXGroup;
			children = (
				824F8C1F252B897E005934CE /* Persistence.swift */,
				824F8C20252B897E005934CE /* ImageDataProvider.swift */,
				824F8C21252B897E005934CE /* MapDataProvider.swift */,
			);
			path = "Data Sources";
			sourceTree = "<group>";
		};
		824F8C22252B897E005934CE /* WaypointModule */ = {
			isa = PBXGroup;
			children = (
				824F8C23252B897E005934CE /* WaypointViewPresenter.swift */,
				824F8C24252B897E005934CE /* WaypointView.swift */,
				824F8C25252B897E005934CE /* WaypointViewInteractor.swift */,
			);
			path = WaypointModule;
			sourceTree = "<group>";
		};
		824F8C32252B89BE005934CE /* Resources */ = {
			isa = PBXGroup;
			children = (
				824F8C33252B89D5005934CE /* default.json */,
				825919472523A8ED00E4460F /* Info.plist */,
				825919442523A8ED00E4460F /* LaunchScreen.storyboard */,
			);
			name = Resources;
			sourceTree = "<group>";
		};
		824F8C45252CE520005934CE /* TripList */ = {
			isa = PBXGroup;
			children = (
				824F8C3F252CDFB8005934CE /* TripListPresenter.swift */,
				824F8C41252CDFEC005934CE /* TripListInteractor.swift */,
				824F8C43252CE121005934CE /* TripListView.swift */,
				824F8C4C252CE5E6005934CE /* TripListRouter.swift */,
			);
			path = TripList;
			sourceTree = "<group>";
		};
		824F8C56252E27D5005934CE /* TripDetail */ = {
			isa = PBXGroup;
			children = (
				824F8C48252CE551005934CE /* TripDetailPresenter.swift */,
				824F8C4A252CE55E005934CE /* TripDetailView.swift */,
				824F8C46252CE53E005934CE /* TripDetailInteractor.swift */,
				824F8C5B252E2CEB005934CE /* TripDetailRouter.swift */,
			);
			path = TripDetail;
			sourceTree = "<group>";
		};
		824F8C5D252E2E63005934CE /* TripMapView */ = {
			isa = PBXGroup;
			children = (
				824F8C57252E27F1005934CE /* TripMapViewPresenter.swift */,
				824F8C59252E282F005934CE /* TripMapView.swift */,
			);
			path = TripMapView;
			sourceTree = "<group>";
		};
		8259192D2523A8EA00E4460F = {
			isa = PBXGroup;
			children = (
				825919382523A8EA00E4460F /* iOSSwiftUI */,
				8259194F2523A8ED00E4460F /* iOSSwiftUITests */,
				8259195A2523A8ED00E4460F /* iOSSwiftUIUITests */,
				825919372523A8EA00E4460F /* Products */,
			);
			sourceTree = "<group>";
		};
		825919372523A8EA00E4460F /* Products */ = {
			isa = PBXGroup;
			children = (
				825919362523A8EA00E4460F /* iOSSwiftUI.app */,
				8259194C2523A8ED00E4460F /* iOSSwiftUITests.xctest */,
				825919572523A8ED00E4460F /* iOSSwiftUIUITests.xctest */,
			);
			name = Products;
			sourceTree = "<group>";
		};
		825919382523A8EA00E4460F /* iOSSwiftUI */ = {
			isa = PBXGroup;
			children = (
				825919392523A8EA00E4460F /* AppDelegate.swift */,
				8259193B2523A8EA00E4460F /* SceneDelegate.swift */,
				8259193D2523A8EA00E4460F /* ContentView.swift */,
				824F8BFA2529F7D7005934CE /* SplashScreen.swift */,
				825919962525061D00E4460F /* Utilities */,
				8259198D2524C74100E4460F /* Employee Database */,
				825919692523ABEB00E4460F /* Movie */,
				825919A32525062D00E4460F /* Weather */,
				824F8B39252798D4005934CE /* CustomDesigns */,
				824F8B9D2527B370005934CE /* Animations */,
				824F8BBE2528F1C9005934CE /* Charts */,
				824F8C15252B8961005934CE /* Viper */,
				8259193F2523A8ED00E4460F /* Assets.xcassets */,
				824F8C32252B89BE005934CE /* Resources */,
				825919412523A8ED00E4460F /* Preview Content */,
			);
			path = iOSSwiftUI;
			sourceTree = "<group>";
		};
		825919412523A8ED00E4460F /* Preview Content */ = {
			isa = PBXGroup;
			children = (
				825919422523A8ED00E4460F /* Preview Assets.xcassets */,
			);
			path = "Preview Content";
			sourceTree = "<group>";
		};
		8259194F2523A8ED00E4460F /* iOSSwiftUITests */ = {
			isa = PBXGroup;
			children = (
				825919502523A8ED00E4460F /* iOSSwiftUITests.swift */,
				825919522523A8ED00E4460F /* Info.plist */,
			);
			path = iOSSwiftUITests;
			sourceTree = "<group>";
		};
		8259195A2523A8ED00E4460F /* iOSSwiftUIUITests */ = {
			isa = PBXGroup;
			children = (
				8259195B2523A8ED00E4460F /* iOSSwiftUIUITests.swift */,
				8259195D2523A8ED00E4460F /* Info.plist */,
			);
			path = iOSSwiftUIUITests;
			sourceTree = "<group>";
		};
		825919692523ABEB00E4460F /* Movie */ = {
			isa = PBXGroup;
			children = (
				824F8BE82529D5E6005934CE /* CoreData */,
				825919762523ABF800E4460F /* User */,
				8259196B2523ABEB00E4460F /* RatingView.swift */,
				8259196C2523ABEB00E4460F /* MovieRow.swift */,
				8259196D2523ABEB00E4460F /* MovieList.swift */,
				8259196E2523ABEB00E4460F /* AddMovie.swift */,
				8259196F2523ABEB00E4460F /* MovieStore.swift */,
				825919792523B24700E4460F /* GenrePicker.swift */,
			);
			path = Movie;
			sourceTree = "<group>";
		};
		825919762523ABF800E4460F /* User */ = {
			isa = PBXGroup;
			children = (
				825919772523ABF800E4460F /* UserView.swift */,
			);
			path = User;
			sourceTree = "<group>";
		};
		8259198D2524C74100E4460F /* Employee Database */ = {
			isa = PBXGroup;
			children = (
				825919942524C79600E4460F /* EmployeesView.swift */,
				825919922524C75700E4460F /* DetailView.swift */,
				8259198E2524C74F00E4460F /* Employees.swift */,
				8259198F2524C75000E4460F /* Employees.xcassets */,
			);
			path = "Employee Database";
			sourceTree = "<group>";
		};
		825919962525061D00E4460F /* Utilities */ = {
			isa = PBXGroup;
			children = (
				825919972525061D00E4460F /* Extensions */,
				825919992525061D00E4460F /* UI */,
				8259199B2525061D00E4460F /* Formatters */,
				8259199D2525061D00E4460F /* APIClient */,
			);
			path = Utilities;
			sourceTree = "<group>";
		};
		825919972525061D00E4460F /* Extensions */ = {
			isa = PBXGroup;
			children = (
				825919982525061D00E4460F /* ArrayExtension.swift */,
				824F8B502527A676005934CE /* ColorExtension.swift */,
				824F8B512527A676005934CE /* LinearGradientExtension.swift */,
				824F8B522527A676005934CE /* UIColorExtension.swift */,
				824F8B562527AB59005934CE /* ViewExtension.swift */,
				824F8BBC2528F153005934CE /* DoubleExtension.swift */,
			);
			path = Extensions;
			sourceTree = "<group>";
		};
		825919992525061D00E4460F /* UI */ = {
			isa = PBXGroup;
			children = (
				824F8BD72528F47F005934CE /* MapView.swift */,
			);
			path = UI;
			sourceTree = "<group>";
		};
		8259199B2525061D00E4460F /* Formatters */ = {
			isa = PBXGroup;
			children = (
				8259199C2525061D00E4460F /* Formatters.swift */,
			);
			path = Formatters;
			sourceTree = "<group>";
		};
		8259199D2525061D00E4460F /* APIClient */ = {
			isa = PBXGroup;
			children = (
				825919C425265A0600E4460F /* ApiClient.swift */,
				825919C525265A0600E4460F /* MyError.swift */,
				8259199E2525061D00E4460F /* Parsing.swift */,
			);
			path = APIClient;
			sourceTree = "<group>";
		};
		825919A32525062D00E4460F /* Weather */ = {
			isa = PBXGroup;
			children = (
				825919A42525062D00E4460F /* WeeklyWeather */,
				825919AA2525062E00E4460F /* CurrentWeather */,
				825919AF2525062E00E4460F /* OpenWeatherAPI */,
			);
			path = Weather;
			sourceTree = "<group>";
		};
		825919A42525062D00E4460F /* WeeklyWeather */ = {
			isa = PBXGroup;
			children = (
				825919A52525062D00E4460F /* WeeklyWeatherView.swift */,
				825919A62525062D00E4460F /* WeeklyWeatherBuilder.swift */,
				825919A72525062D00E4460F /* WeeklyWeatherViewModel.swift */,
				825919A82525062D00E4460F /* DailyWeatherRow.swift */,
				825919A92525062D00E4460F /* DailyWeatherRowViewModel.swift */,
			);
			path = WeeklyWeather;
			sourceTree = "<group>";
		};
		825919AA2525062E00E4460F /* CurrentWeather */ = {
			isa = PBXGroup;
			children = (
				825919AB2525062E00E4460F /* CurrentWeatherViewModel.swift */,
				825919AC2525062E00E4460F /* CurrentWeatherRow.swift */,
				825919AD2525062E00E4460F /* CurrentWeatherView.swift */,
				825919AE2525062E00E4460F /* CurrentWeatherRowViewModel.swift */,
			);
			path = CurrentWeather;
			sourceTree = "<group>";
		};
		825919AF2525062E00E4460F /* OpenWeatherAPI */ = {
			isa = PBXGroup;
			children = (
				825919B12525062E00E4460F /* Responses.swift */,
				825919B22525062E00E4460F /* WeatherFetcher.swift */,
			);
			path = OpenWeatherAPI;
			sourceTree = "<group>";
		};
/* End PBXGroup section */

/* Begin PBXNativeTarget section */
		825919352523A8EA00E4460F /* iOSSwiftUI */ = {
			isa = PBXNativeTarget;
			buildConfigurationList = 825919602523A8ED00E4460F /* Build configuration list for PBXNativeTarget "iOSSwiftUI" */;
			buildPhases = (
				825919322523A8EA00E4460F /* Sources */,
				825919332523A8EA00E4460F /* Frameworks */,
				825919342523A8EA00E4460F /* Resources */,
			);
			buildRules = (
			);
			dependencies = (
			);
			name = iOSSwiftUI;
			productName = iOSSwiftUI;
			productReference = 825919362523A8EA00E4460F /* iOSSwiftUI.app */;
			productType = "com.apple.product-type.application";
		};
		8259194B2523A8ED00E4460F /* iOSSwiftUITests */ = {
			isa = PBXNativeTarget;
			buildConfigurationList = 825919632523A8ED00E4460F /* Build configuration list for PBXNativeTarget "iOSSwiftUITests" */;
			buildPhases = (
				825919482523A8ED00E4460F /* Sources */,
				825919492523A8ED00E4460F /* Frameworks */,
				8259194A2523A8ED00E4460F /* Resources */,
			);
			buildRules = (
			);
			dependencies = (
				8259194E2523A8ED00E4460F /* PBXTargetDependency */,
			);
			name = iOSSwiftUITests;
			productName = iOSSwiftUITests;
			productReference = 8259194C2523A8ED00E4460F /* iOSSwiftUITests.xctest */;
			productType = "com.apple.product-type.bundle.unit-test";
		};
		825919562523A8ED00E4460F /* iOSSwiftUIUITests */ = {
			isa = PBXNativeTarget;
			buildConfigurationList = 825919662523A8ED00E4460F /* Build configuration list for PBXNativeTarget "iOSSwiftUIUITests" */;
			buildPhases = (
				825919532523A8ED00E4460F /* Sources */,
				825919542523A8ED00E4460F /* Frameworks */,
				825919552523A8ED00E4460F /* Resources */,
			);
			buildRules = (
			);
			dependencies = (
				825919592523A8ED00E4460F /* PBXTargetDependency */,
			);
			name = iOSSwiftUIUITests;
			productName = iOSSwiftUIUITests;
			productReference = 825919572523A8ED00E4460F /* iOSSwiftUIUITests.xctest */;
			productType = "com.apple.product-type.bundle.ui-testing";
		};
/* End PBXNativeTarget section */

/* Begin PBXProject section */
		8259192E2523A8EA00E4460F /* Project object */ = {
			isa = PBXProject;
			attributes = {
				LastSwiftUpdateCheck = 1170;
				LastUpgradeCheck = 1170;
				ORGANIZATIONNAME = "keshav gn";
				TargetAttributes = {
					825919352523A8EA00E4460F = {
						CreatedOnToolsVersion = 11.7;
					};
					8259194B2523A8ED00E4460F = {
						CreatedOnToolsVersion = 11.7;
						TestTargetID = 825919352523A8EA00E4460F;
					};
					825919562523A8ED00E4460F = {
						CreatedOnToolsVersion = 11.7;
						TestTargetID = 825919352523A8EA00E4460F;
					};
				};
			};
			buildConfigurationList = 825919312523A8EA00E4460F /* Build configuration list for PBXProject "iOSSwiftUI" */;
			compatibilityVersion = "Xcode 9.3";
			developmentRegion = en;
			hasScannedForEncodings = 0;
			knownRegions = (
				en,
				Base,
			);
			mainGroup = 8259192D2523A8EA00E4460F;
			productRefGroup = 825919372523A8EA00E4460F /* Products */;
			projectDirPath = "";
			projectRoot = "";
			targets = (
				825919352523A8EA00E4460F /* iOSSwiftUI */,
				8259194B2523A8ED00E4460F /* iOSSwiftUITests */,
				825919562523A8ED00E4460F /* iOSSwiftUIUITests */,
			);
		};
/* End PBXProject section */

/* Begin PBXResourcesBuildPhase section */
		825919342523A8EA00E4460F /* Resources */ = {
			isa = PBXResourcesBuildPhase;
			buildActionMask = 2147483647;
			files = (
				825919462523A8ED00E4460F /* LaunchScreen.storyboard in Resources */,
				825919912524C75000E4460F /* Employees.xcassets in Resources */,
				824F8C34252B89D5005934CE /* default.json in Resources */,
				824F8BB92528E2ED005934CE /* Animations.xcassets in Resources */,
				825919432523A8ED00E4460F /* Preview Assets.xcassets in Resources */,
				825919402523A8ED00E4460F /* Assets.xcassets in Resources */,
				824F8BD42528F1EE005934CE /* weather-data.csv in Resources */,
			);
			runOnlyForDeploymentPostprocessing = 0;
		};
		8259194A2523A8ED00E4460F /* Resources */ = {
			isa = PBXResourcesBuildPhase;
			buildActionMask = 2147483647;
			files = (
			);
			runOnlyForDeploymentPostprocessing = 0;
		};
		825919552523A8ED00E4460F /* Resources */ = {
			isa = PBXResourcesBuildPhase;
			buildActionMask = 2147483647;
			files = (
			);
			runOnlyForDeploymentPostprocessing = 0;
		};
/* End PBXResourcesBuildPhase section */

/* Begin PBXSourcesBuildPhase section */
		825919322523A8EA00E4460F /* Sources */ = {
			isa = PBXSourcesBuildPhase;
			buildActionMask = 2147483647;
			files = (
				824F8C2F252B897E005934CE /* WaypointViewPresenter.swift in Sources */,
				824F8C30252B897E005934CE /* WaypointView.swift in Sources */,
				825919BE2525062E00E4460F /* WeatherFetcher.swift in Sources */,
				8259193A2523A8EA00E4460F /* AppDelegate.swift in Sources */,
				825919752523ABEB00E4460F /* MovieStore.swift in Sources */,
				825919C625265A0600E4460F /* ApiClient.swift in Sources */,
				824F8B49252798D4005934CE /* LairView.swift in Sources */,
				825919722523ABEB00E4460F /* MovieRow.swift in Sources */,
				824F8B44252798D4005934CE /* SettingsView.swift in Sources */,
				824F8BD32528F1EE005934CE /* WeatherStation.swift in Sources */,
				825919B82525062E00E4460F /* CurrentWeatherViewModel.swift in Sources */,
				824F8B48252798D4005934CE /* AutomationView.swift in Sources */,
				824F8BA62527B380005934CE /* AnimationsView.swift in Sources */,
				824F8B4B252798D4005934CE /* CameraView.swift in Sources */,
				824F8B47252798D4005934CE /* TabBarItemView.swift in Sources */,
				825919C725265A0600E4460F /* MyError.swift in Sources */,
				825919742523ABEB00E4460F /* AddMovie.swift in Sources */,
				824F8BAA2527B380005934CE /* PlanetInfo.swift in Sources */,
				825919B52525062E00E4460F /* WeeklyWeatherViewModel.swift in Sources */,
				824F8C58252E27F1005934CE /* TripMapViewPresenter.swift in Sources */,
				824F8BD82528F47F005934CE /* MapView.swift in Sources */,
				824F8BDE25299A54005934CE /* TemperatureChart.swift in Sources */,
				824F8BD52528F1EE005934CE /* DayInfo.swift in Sources */,
				825919B72525062E00E4460F /* DailyWeatherRowViewModel.swift in Sources */,
				8259197A2523B24700E4460F /* GenrePicker.swift in Sources */,
				824F8BC62528F1DE005934CE /* StationInfo.swift in Sources */,
				824F8C2D252B897E005934CE /* ImageDataProvider.swift in Sources */,
				824F8BA52527B380005934CE /* PlanetModel.swift in Sources */,
				8259193C2523A8EA00E4460F /* SceneDelegate.swift in Sources */,
				824F8BF92529EACC005934CE /* UserInfo+CoreDataProperties.swift in Sources */,
				824F8BF12529DA9A005934CE /* Movie+CoreDataProperties.swift in Sources */,
				824F8BCD2528F1E6005934CE /* TemperatureTab.swift in Sources */,
				824F8C5A252E282F005934CE /* TripMapView.swift in Sources */,
				824F8C47252CE53E005934CE /* TripDetailInteractor.swift in Sources */,
				824F8C36252B89EB005934CE /* ViperHomeView.swift in Sources */,
				824F8B4A252798D4005934CE /* TabBarView.swift in Sources */,
				824F8BA92527B380005934CE /* MoonFlow.swift in Sources */,
				824F8BBD2528F153005934CE /* DoubleExtension.swift in Sources */,
				824F8BDC2529986C005934CE /* SnowfallChart.swift in Sources */,
				824F8BCC2528F1E6005934CE /* SnowfallTab.swift in Sources */,
				824F8C2C252B897E005934CE /* Persistence.swift in Sources */,
				824F8BC52528F1DE005934CE /* ChartsView.swift in Sources */,
				825919712523ABEB00E4460F /* RatingView.swift in Sources */,
				824F8C5C252E2CEB005934CE /* TripDetailRouter.swift in Sources */,
				824F8C2B252B897E005934CE /* TripListCell.swift in Sources */,
				824F8BAB2527B380005934CE /* SolarSystem.swift in Sources */,
				824F8C27252B897E005934CE /* Waypoint.swift in Sources */,
				824F8BF82529EACC005934CE /* UserInfo+CoreDataClass.swift in Sources */,
				824F8C4D252CE5E6005934CE /* TripListRouter.swift in Sources */,
				825919B62525062E00E4460F /* DailyWeatherRow.swift in Sources */,
				8259199F2525061D00E4460F /* ArrayExtension.swift in Sources */,
				825919782523ABF800E4460F /* UserView.swift in Sources */,
				824F8C31252B897E005934CE /* WaypointViewInteractor.swift in Sources */,
				824F8B4C252798D4005934CE /* AccessoryView.swift in Sources */,
				824F8C28252B897E005934CE /* Trip.swift in Sources */,
				825919BB2525062E00E4460F /* CurrentWeatherRowViewModel.swift in Sources */,
				824F8BCB2528F1E6005934CE /* PrecipitationTab.swift in Sources */,
				824F8C42252CDFEC005934CE /* TripListInteractor.swift in Sources */,
				824F8B552527A676005934CE /* UIColorExtension.swift in Sources */,
				824F8BDA25299364005934CE /* PrecipitationChart.swift in Sources */,
				8259193E2523A8EA00E4460F /* ContentView.swift in Sources */,
				824F8B572527AB59005934CE /* ViewExtension.swift in Sources */,
				824F8C2A252B897E005934CE /* SplitImage.swift in Sources */,
				825919B32525062E00E4460F /* WeeklyWeatherView.swift in Sources */,
				824F8C4B252CE55E005934CE /* TripDetailView.swift in Sources */,
				824F8BA82527B380005934CE /* MoonView.swift in Sources */,
				825919B92525062E00E4460F /* CurrentWeatherRow.swift in Sources */,
				825919A12525061E00E4460F /* Formatters.swift in Sources */,
				824F8B532527A676005934CE /* ColorExtension.swift in Sources */,
				825919B42525062E00E4460F /* WeeklyWeatherBuilder.swift in Sources */,
				824F8C26252B897E005934CE /* DataModel.swift in Sources */,
				825919902524C75000E4460F /* Employees.swift in Sources */,
				824F8BD62528F1EE005934CE /* WeatherInformation.swift in Sources */,
				824F8C44252CE121005934CE /* TripListView.swift in Sources */,
				824F8BED2529D6AE005934CE /* CoreDataManager.swift in Sources */,
				825919952524C79600E4460F /* EmployeesView.swift in Sources */,
				824F8BF02529DA9A005934CE /* Movie+CoreDataClass.swift in Sources */,
				824F8B46252798D4005934CE /* AccessoryRowView.swift in Sources */,
				824F8C2E252B897E005934CE /* MapDataProvider.swift in Sources */,
				825919A22525061E00E4460F /* Parsing.swift in Sources */,
				824F8B4F25279B22005934CE /* CustomDesignsView.swift in Sources */,
				824F8B542527A676005934CE /* LinearGradientExtension.swift in Sources */,
				825919732523ABEB00E4460F /* MovieList.swift in Sources */,
				824F8C49252CE551005934CE /* TripDetailPresenter.swift in Sources */,
				825919BA2525062E00E4460F /* CurrentWeatherView.swift in Sources */,
				825919BD2525062E00E4460F /* Responses.swift in Sources */,
				824F8C40252CDFB8005934CE /* TripListPresenter.swift in Sources */,
				824F8BA72527B380005934CE /* MoonList.swift in Sources */,
				824F8BFB2529F7D8005934CE /* SplashScreen.swift in Sources */,
				824F8BC42528F1DE005934CE /* StationHeader.swift in Sources */,
				825919932524C75700E4460F /* DetailView.swift in Sources */,
				824F8BEB2529D604005934CE /* Movies.xcdatamodeld in Sources */,
				824F8B45252798D4005934CE /* ProgressBarView.swift in Sources */,
			);
			runOnlyForDeploymentPostprocessing = 0;
		};
		825919482523A8ED00E4460F /* Sources */ = {
			isa = PBXSourcesBuildPhase;
			buildActionMask = 2147483647;
			files = (
				825919512523A8ED00E4460F /* iOSSwiftUITests.swift in Sources */,
			);
			runOnlyForDeploymentPostprocessing = 0;
		};
		825919532523A8ED00E4460F /* Sources */ = {
			isa = PBXSourcesBuildPhase;
			buildActionMask = 2147483647;
			files = (
				8259195C2523A8ED00E4460F /* iOSSwiftUIUITests.swift in Sources */,
			);
			runOnlyForDeploymentPostprocessing = 0;
		};
/* End PBXSourcesBuildPhase section */

/* Begin PBXTargetDependency section */
		8259194E2523A8ED00E4460F /* PBXTargetDependency */ = {
			isa = PBXTargetDependency;
			target = 825919352523A8EA00E4460F /* iOSSwiftUI */;
			targetProxy = 8259194D2523A8ED00E4460F /* PBXContainerItemProxy */;
		};
		825919592523A8ED00E4460F /* PBXTargetDependency */ = {
			isa = PBXTargetDependency;
			target = 825919352523A8EA00E4460F /* iOSSwiftUI */;
			targetProxy = 825919582523A8ED00E4460F /* PBXContainerItemProxy */;
		};
/* End PBXTargetDependency section */

/* Begin PBXVariantGroup section */
		825919442523A8ED00E4460F /* LaunchScreen.storyboard */ = {
			isa = PBXVariantGroup;
			children = (
				825919452523A8ED00E4460F /* Base */,
			);
			name = LaunchScreen.storyboard;
			sourceTree = "<group>";
		};
/* End PBXVariantGroup section */

/* Begin XCBuildConfiguration section */
		8259195E2523A8ED00E4460F /* Debug */ = {
			isa = XCBuildConfiguration;
			buildSettings = {
				ALWAYS_SEARCH_USER_PATHS = NO;
				CLANG_ANALYZER_NONNULL = YES;
				CLANG_ANALYZER_NUMBER_OBJECT_CONVERSION = YES_AGGRESSIVE;
				CLANG_CXX_LANGUAGE_STANDARD = "gnu++14";
				CLANG_CXX_LIBRARY = "libc++";
				CLANG_ENABLE_MODULES = YES;
				CLANG_ENABLE_OBJC_ARC = YES;
				CLANG_ENABLE_OBJC_WEAK = YES;
				CLANG_WARN_BLOCK_CAPTURE_AUTORELEASING = YES;
				CLANG_WARN_BOOL_CONVERSION = YES;
				CLANG_WARN_COMMA = YES;
				CLANG_WARN_CONSTANT_CONVERSION = YES;
				CLANG_WARN_DEPRECATED_OBJC_IMPLEMENTATIONS = YES;
				CLANG_WARN_DIRECT_OBJC_ISA_USAGE = YES_ERROR;
				CLANG_WARN_DOCUMENTATION_COMMENTS = YES;
				CLANG_WARN_EMPTY_BODY = YES;
				CLANG_WARN_ENUM_CONVERSION = YES;
				CLANG_WARN_INFINITE_RECURSION = YES;
				CLANG_WARN_INT_CONVERSION = YES;
				CLANG_WARN_NON_LITERAL_NULL_CONVERSION = YES;
				CLANG_WARN_OBJC_IMPLICIT_RETAIN_SELF = YES;
				CLANG_WARN_OBJC_LITERAL_CONVERSION = YES;
				CLANG_WARN_OBJC_ROOT_CLASS = YES_ERROR;
				CLANG_WARN_RANGE_LOOP_ANALYSIS = YES;
				CLANG_WARN_STRICT_PROTOTYPES = YES;
				CLANG_WARN_SUSPICIOUS_MOVE = YES;
				CLANG_WARN_UNGUARDED_AVAILABILITY = YES_AGGRESSIVE;
				CLANG_WARN_UNREACHABLE_CODE = YES;
				CLANG_WARN__DUPLICATE_METHOD_MATCH = YES;
				COPY_PHASE_STRIP = NO;
				DEBUG_INFORMATION_FORMAT = dwarf;
				ENABLE_STRICT_OBJC_MSGSEND = YES;
				ENABLE_TESTABILITY = YES;
				GCC_C_LANGUAGE_STANDARD = gnu11;
				GCC_DYNAMIC_NO_PIC = NO;
				GCC_NO_COMMON_BLOCKS = YES;
				GCC_OPTIMIZATION_LEVEL = 0;
				GCC_PREPROCESSOR_DEFINITIONS = (
					"DEBUG=1",
					"$(inherited)",
				);
				GCC_WARN_64_TO_32_BIT_CONVERSION = YES;
				GCC_WARN_ABOUT_RETURN_TYPE = YES_ERROR;
				GCC_WARN_UNDECLARED_SELECTOR = YES;
				GCC_WARN_UNINITIALIZED_AUTOS = YES_AGGRESSIVE;
				GCC_WARN_UNUSED_FUNCTION = YES;
				GCC_WARN_UNUSED_VARIABLE = YES;
				IPHONEOS_DEPLOYMENT_TARGET = 13.7;
				MTL_ENABLE_DEBUG_INFO = INCLUDE_SOURCE;
				MTL_FAST_MATH = YES;
				ONLY_ACTIVE_ARCH = YES;
				SDKROOT = iphoneos;
				SWIFT_ACTIVE_COMPILATION_CONDITIONS = DEBUG;
				SWIFT_OPTIMIZATION_LEVEL = "-Onone";
			};
			name = Debug;
		};
		8259195F2523A8ED00E4460F /* Release */ = {
			isa = XCBuildConfiguration;
			buildSettings = {
				ALWAYS_SEARCH_USER_PATHS = NO;
				CLANG_ANALYZER_NONNULL = YES;
				CLANG_ANALYZER_NUMBER_OBJECT_CONVERSION = YES_AGGRESSIVE;
				CLANG_CXX_LANGUAGE_STANDARD = "gnu++14";
				CLANG_CXX_LIBRARY = "libc++";
				CLANG_ENABLE_MODULES = YES;
				CLANG_ENABLE_OBJC_ARC = YES;
				CLANG_ENABLE_OBJC_WEAK = YES;
				CLANG_WARN_BLOCK_CAPTURE_AUTORELEASING = YES;
				CLANG_WARN_BOOL_CONVERSION = YES;
				CLANG_WARN_COMMA = YES;
				CLANG_WARN_CONSTANT_CONVERSION = YES;
				CLANG_WARN_DEPRECATED_OBJC_IMPLEMENTATIONS = YES;
				CLANG_WARN_DIRECT_OBJC_ISA_USAGE = YES_ERROR;
				CLANG_WARN_DOCUMENTATION_COMMENTS = YES;
				CLANG_WARN_EMPTY_BODY = YES;
				CLANG_WARN_ENUM_CONVERSION = YES;
				CLANG_WARN_INFINITE_RECURSION = YES;
				CLANG_WARN_INT_CONVERSION = YES;
				CLANG_WARN_NON_LITERAL_NULL_CONVERSION = YES;
				CLANG_WARN_OBJC_IMPLICIT_RETAIN_SELF = YES;
				CLANG_WARN_OBJC_LITERAL_CONVERSION = YES;
				CLANG_WARN_OBJC_ROOT_CLASS = YES_ERROR;
				CLANG_WARN_RANGE_LOOP_ANALYSIS = YES;
				CLANG_WARN_STRICT_PROTOTYPES = YES;
				CLANG_WARN_SUSPICIOUS_MOVE = YES;
				CLANG_WARN_UNGUARDED_AVAILABILITY = YES_AGGRESSIVE;
				CLANG_WARN_UNREACHABLE_CODE = YES;
				CLANG_WARN__DUPLICATE_METHOD_MATCH = YES;
				COPY_PHASE_STRIP = NO;
				DEBUG_INFORMATION_FORMAT = "dwarf-with-dsym";
				ENABLE_NS_ASSERTIONS = NO;
				ENABLE_STRICT_OBJC_MSGSEND = YES;
				GCC_C_LANGUAGE_STANDARD = gnu11;
				GCC_NO_COMMON_BLOCKS = YES;
				GCC_WARN_64_TO_32_BIT_CONVERSION = YES;
				GCC_WARN_ABOUT_RETURN_TYPE = YES_ERROR;
				GCC_WARN_UNDECLARED_SELECTOR = YES;
				GCC_WARN_UNINITIALIZED_AUTOS = YES_AGGRESSIVE;
				GCC_WARN_UNUSED_FUNCTION = YES;
				GCC_WARN_UNUSED_VARIABLE = YES;
				IPHONEOS_DEPLOYMENT_TARGET = 13.7;
				MTL_ENABLE_DEBUG_INFO = NO;
				MTL_FAST_MATH = YES;
				SDKROOT = iphoneos;
				SWIFT_COMPILATION_MODE = wholemodule;
				SWIFT_OPTIMIZATION_LEVEL = "-O";
				VALIDATE_PRODUCT = YES;
			};
			name = Release;
		};
		825919612523A8ED00E4460F /* Debug */ = {
			isa = XCBuildConfiguration;
			buildSettings = {
				ASSETCATALOG_COMPILER_APPICON_NAME = AppIcon;
				CODE_SIGN_STYLE = Automatic;
				DEVELOPMENT_ASSET_PATHS = "\"iOSSwiftUI/Preview Content\"";
				DEVELOPMENT_TEAM = VXR9GX594C;
				ENABLE_PREVIEWS = YES;
				INFOPLIST_FILE = iOSSwiftUI/Info.plist;
				LD_RUNPATH_SEARCH_PATHS = (
					"$(inherited)",
					"@executable_path/Frameworks",
				);
				PRODUCT_BUNDLE_IDENTIFIER = com.keshav.iOSSwiftUI;
				PRODUCT_NAME = "$(TARGET_NAME)";
				SWIFT_VERSION = 5.0;
				TARGETED_DEVICE_FAMILY = "1,2";
			};
			name = Debug;
		};
		825919622523A8ED00E4460F /* Release */ = {
			isa = XCBuildConfiguration;
			buildSettings = {
				ASSETCATALOG_COMPILER_APPICON_NAME = AppIcon;
				CODE_SIGN_STYLE = Automatic;
				DEVELOPMENT_ASSET_PATHS = "\"iOSSwiftUI/Preview Content\"";
				DEVELOPMENT_TEAM = VXR9GX594C;
				ENABLE_PREVIEWS = YES;
				INFOPLIST_FILE = iOSSwiftUI/Info.plist;
				LD_RUNPATH_SEARCH_PATHS = (
					"$(inherited)",
					"@executable_path/Frameworks",
				);
				PRODUCT_BUNDLE_IDENTIFIER = com.keshav.iOSSwiftUI;
				PRODUCT_NAME = "$(TARGET_NAME)";
				SWIFT_VERSION = 5.0;
				TARGETED_DEVICE_FAMILY = "1,2";
			};
			name = Release;
		};
		825919642523A8ED00E4460F /* Debug */ = {
			isa = XCBuildConfiguration;
			buildSettings = {
				ALWAYS_EMBED_SWIFT_STANDARD_LIBRARIES = YES;
				BUNDLE_LOADER = "$(TEST_HOST)";
				CODE_SIGN_STYLE = Automatic;
				DEVELOPMENT_TEAM = VXR9GX594C;
				INFOPLIST_FILE = iOSSwiftUITests/Info.plist;
				IPHONEOS_DEPLOYMENT_TARGET = 13.7;
				LD_RUNPATH_SEARCH_PATHS = (
					"$(inherited)",
					"@executable_path/Frameworks",
					"@loader_path/Frameworks",
				);
				PRODUCT_BUNDLE_IDENTIFIER = com.keshav.iOSSwiftUITests;
				PRODUCT_NAME = "$(TARGET_NAME)";
				SWIFT_VERSION = 5.0;
				TARGETED_DEVICE_FAMILY = "1,2";
				TEST_HOST = "$(BUILT_PRODUCTS_DIR)/iOSSwiftUI.app/iOSSwiftUI";
			};
			name = Debug;
		};
		825919652523A8ED00E4460F /* Release */ = {
			isa = XCBuildConfiguration;
			buildSettings = {
				ALWAYS_EMBED_SWIFT_STANDARD_LIBRARIES = YES;
				BUNDLE_LOADER = "$(TEST_HOST)";
				CODE_SIGN_STYLE = Automatic;
				DEVELOPMENT_TEAM = VXR9GX594C;
				INFOPLIST_FILE = iOSSwiftUITests/Info.plist;
				IPHONEOS_DEPLOYMENT_TARGET = 13.7;
				LD_RUNPATH_SEARCH_PATHS = (
					"$(inherited)",
					"@executable_path/Frameworks",
					"@loader_path/Frameworks",
				);
				PRODUCT_BUNDLE_IDENTIFIER = com.keshav.iOSSwiftUITests;
				PRODUCT_NAME = "$(TARGET_NAME)";
				SWIFT_VERSION = 5.0;
				TARGETED_DEVICE_FAMILY = "1,2";
				TEST_HOST = "$(BUILT_PRODUCTS_DIR)/iOSSwiftUI.app/iOSSwiftUI";
			};
			name = Release;
		};
		825919672523A8ED00E4460F /* Debug */ = {
			isa = XCBuildConfiguration;
			buildSettings = {
				ALWAYS_EMBED_SWIFT_STANDARD_LIBRARIES = YES;
				CODE_SIGN_STYLE = Automatic;
				DEVELOPMENT_TEAM = VXR9GX594C;
				INFOPLIST_FILE = iOSSwiftUIUITests/Info.plist;
				LD_RUNPATH_SEARCH_PATHS = (
					"$(inherited)",
					"@executable_path/Frameworks",
					"@loader_path/Frameworks",
				);
				PRODUCT_BUNDLE_IDENTIFIER = com.keshav.iOSSwiftUIUITests;
				PRODUCT_NAME = "$(TARGET_NAME)";
				SWIFT_VERSION = 5.0;
				TARGETED_DEVICE_FAMILY = "1,2";
				TEST_TARGET_NAME = iOSSwiftUI;
			};
			name = Debug;
		};
		825919682523A8ED00E4460F /* Release */ = {
			isa = XCBuildConfiguration;
			buildSettings = {
				ALWAYS_EMBED_SWIFT_STANDARD_LIBRARIES = YES;
				CODE_SIGN_STYLE = Automatic;
				DEVELOPMENT_TEAM = VXR9GX594C;
				INFOPLIST_FILE = iOSSwiftUIUITests/Info.plist;
				LD_RUNPATH_SEARCH_PATHS = (
					"$(inherited)",
					"@executable_path/Frameworks",
					"@loader_path/Frameworks",
				);
				PRODUCT_BUNDLE_IDENTIFIER = com.keshav.iOSSwiftUIUITests;
				PRODUCT_NAME = "$(TARGET_NAME)";
				SWIFT_VERSION = 5.0;
				TARGETED_DEVICE_FAMILY = "1,2";
				TEST_TARGET_NAME = iOSSwiftUI;
			};
			name = Release;
		};
/* End XCBuildConfiguration section */

/* Begin XCConfigurationList section */
		825919312523A8EA00E4460F /* Build configuration list for PBXProject "iOSSwiftUI" */ = {
			isa = XCConfigurationList;
			buildConfigurations = (
				8259195E2523A8ED00E4460F /* Debug */,
				8259195F2523A8ED00E4460F /* Release */,
			);
			defaultConfigurationIsVisible = 0;
			defaultConfigurationName = Release;
		};
		825919602523A8ED00E4460F /* Build configuration list for PBXNativeTarget "iOSSwiftUI" */ = {
			isa = XCConfigurationList;
			buildConfigurations = (
				825919612523A8ED00E4460F /* Debug */,
				825919622523A8ED00E4460F /* Release */,
			);
			defaultConfigurationIsVisible = 0;
			defaultConfigurationName = Release;
		};
		825919632523A8ED00E4460F /* Build configuration list for PBXNativeTarget "iOSSwiftUITests" */ = {
			isa = XCConfigurationList;
			buildConfigurations = (
				825919642523A8ED00E4460F /* Debug */,
				825919652523A8ED00E4460F /* Release */,
			);
			defaultConfigurationIsVisible = 0;
			defaultConfigurationName = Release;
		};
		825919662523A8ED00E4460F /* Build configuration list for PBXNativeTarget "iOSSwiftUIUITests" */ = {
			isa = XCConfigurationList;
			buildConfigurations = (
				825919672523A8ED00E4460F /* Debug */,
				825919682523A8ED00E4460F /* Release */,
			);
			defaultConfigurationIsVisible = 0;
			defaultConfigurationName = Release;
		};
/* End XCConfigurationList section */

/* Begin XCVersionGroup section */
		824F8BE92529D604005934CE /* Movies.xcdatamodeld */ = {
			isa = XCVersionGroup;
			children = (
				824F8BEA2529D604005934CE /* Movies.xcdatamodel */,
			);
			currentVersion = 824F8BEA2529D604005934CE /* Movies.xcdatamodel */;
			path = Movies.xcdatamodeld;
			sourceTree = "<group>";
			versionGroupType = wrapper.xcdatamodel;
		};
/* End XCVersionGroup section */
	};
	rootObject = 8259192E2523A8EA00E4460F /* Project object */;
}
